
Microsoft Visual Studio Solution File, Format Version 12.00
# Visual Studio Version 17
VisualStudioVersion = 17.11.35219.272
MinimumVisualStudioVersion = 10.0.40219.1
Project("{2150E333-8FDC-42A3-9474-1A3956D46DE8}") = "!Framework", "!Framework", "{43A6D533-8E60-4BA9-9CDC-040389182D62}"
EndProject
Project("{9A19103F-16F7-4668-BE54-9A1E7A4F7556}") = "Framework", "Framework\Framework.csproj", "{EBCE6BA5-BBCA-44E7-AFC1-304AC892A5EC}"
EndProject
Project("{2150E333-8FDC-42A3-9474-1A3956D46DE8}") = "Domain", "Domain", "{4FF3C253-2DDB-4DD4-8924-731E8AB53630}"
EndProject
Project("{2150E333-8FDC-42A3-9474-1A3956D46DE8}") = "Model", "Model", "{1BAA37FF-3527-4AFB-82BD-EEB8C7DBDFED}"
EndProject
Project("{9A19103F-16F7-4668-BE54-9A1E7A4F7556}") = "Domain.Model", "Domain.Model\Domain.Model.csproj", "{E4350355-BD56-43EC-A15F-58D3B5620717}"
EndProject
Project("{9A19103F-16F7-4668-BE54-9A1E7A4F7556}") = "Domain.Model.Test", "Domain.Model.Test\Domain.Model.Test.csproj", "{4B5F1E54-AA37-43B0-AF1B-40A52A2B858A}"
EndProject
Project("{2150E333-8FDC-42A3-9474-1A3956D46DE8}") = "Infrastructure", "Infrastructure", "{D207BC88-98E9-4744-9204-51C2F30A940C}"
EndProject
Project("{9A19103F-16F7-4668-BE54-9A1E7A4F7556}") = "Persistence.EF", "Persistence.EF\Persistence.EF.csproj", "{DDD03134-9D45-46E3-82D6-80A4B5AAB295}"
EndProject
Project("{9A19103F-16F7-4668-BE54-9A1E7A4F7556}") = "Locazation", "Locazation\Locazation.csproj", "{3835653C-821D-4442-9DB7-5768DBE3CEA1}"
EndProject
Project("{2150E333-8FDC-42A3-9474-1A3956D46DE8}") = "ServiceApplication", "ServiceApplication", "{CE18D099-BC15-47BE-917C-234A86DCDB17}"
EndProject
Project("{FAE04EC0-301F-11D3-BF4B-00C04F79EFBC}") = "Application", "Application\Application.csproj", "{D26AC893-6281-4F5E-92AC-0E494F449252}"
EndProject
Project("{FAE04EC0-301F-11D3-BF4B-00C04F79EFBC}") = "Application.Contract", "Application.Contract\Application.Contract.csproj", "{868E9321-3675-49E5-A37B-96594335778C}"
EndProject
Global
	GlobalSection(SolutionConfigurationPlatforms) = preSolution
		Debug|Any CPU = Debug|Any CPU
		Release|Any CPU = Release|Any CPU
	EndGlobalSection
	GlobalSection(ProjectConfigurationPlatforms) = postSolution
		{EBCE6BA5-BBCA-44E7-AFC1-304AC892A5EC}.Debug|Any CPU.ActiveCfg = Debug|Any CPU
		{EBCE6BA5-BBCA-44E7-AFC1-304AC892A5EC}.Debug|Any CPU.Build.0 = Debug|Any CPU
		{EBCE6BA5-BBCA-44E7-AFC1-304AC892A5EC}.Release|Any CPU.ActiveCfg = Release|Any CPU
		{EBCE6BA5-BBCA-44E7-AFC1-304AC892A5EC}.Release|Any CPU.Build.0 = Release|Any CPU
		{E4350355-BD56-43EC-A15F-58D3B5620717}.Debug|Any CPU.ActiveCfg = Debug|Any CPU
		{E4350355-BD56-43EC-A15F-58D3B5620717}.Debug|Any CPU.Build.0 = Debug|Any CPU
		{E4350355-BD56-43EC-A15F-58D3B5620717}.Release|Any CPU.ActiveCfg = Release|Any CPU
		{E4350355-BD56-43EC-A15F-58D3B5620717}.Release|Any CPU.Build.0 = Release|Any CPU
		{4B5F1E54-AA37-43B0-AF1B-40A52A2B858A}.Debug|Any CPU.ActiveCfg = Debug|Any CPU
		{4B5F1E54-AA37-43B0-AF1B-40A52A2B858A}.Debug|Any CPU.Build.0 = Debug|Any CPU
		{4B5F1E54-AA37-43B0-AF1B-40A52A2B858A}.Release|Any CPU.ActiveCfg = Release|Any CPU
		{4B5F1E54-AA37-43B0-AF1B-40A52A2B858A}.Release|Any CPU.Build.0 = Release|Any CPU
		{DDD03134-9D45-46E3-82D6-80A4B5AAB295}.Debug|Any CPU.ActiveCfg = Debug|Any CPU
		{DDD03134-9D45-46E3-82D6-80A4B5AAB295}.Debug|Any CPU.Build.0 = Debug|Any CPU
		{DDD03134-9D45-46E3-82D6-80A4B5AAB295}.Release|Any CPU.ActiveCfg = Release|Any CPU
		{DDD03134-9D45-46E3-82D6-80A4B5AAB295}.Release|Any CPU.Build.0 = Release|Any CPU
		{3835653C-821D-4442-9DB7-5768DBE3CEA1}.Debug|Any CPU.ActiveCfg = Debug|Any CPU
		{3835653C-821D-4442-9DB7-5768DBE3CEA1}.Debug|Any CPU.Build.0 = Debug|Any CPU
		{3835653C-821D-4442-9DB7-5768DBE3CEA1}.Release|Any CPU.ActiveCfg = Release|Any CPU
		{3835653C-821D-4442-9DB7-5768DBE3CEA1}.Release|Any CPU.Build.0 = Release|Any CPU
		{D26AC893-6281-4F5E-92AC-0E494F449252}.Debug|Any CPU.ActiveCfg = Debug|Any CPU
		{D26AC893-6281-4F5E-92AC-0E494F449252}.Debug|Any CPU.Build.0 = Debug|Any CPU
		{D26AC893-6281-4F5E-92AC-0E494F449252}.Release|Any CPU.ActiveCfg = Release|Any CPU
		{D26AC893-6281-4F5E-92AC-0E494F449252}.Release|Any CPU.Build.0 = Release|Any CPU
		{868E9321-3675-49E5-A37B-96594335778C}.Debug|Any CPU.ActiveCfg = Debug|Any CPU
		{868E9321-3675-49E5-A37B-96594335778C}.Debug|Any CPU.Build.0 = Debug|Any CPU
		{868E9321-3675-49E5-A37B-96594335778C}.Release|Any CPU.ActiveCfg = Release|Any CPU
		{868E9321-3675-49E5-A37B-96594335778C}.Release|Any CPU.Build.0 = Release|Any CPU
	EndGlobalSection
	GlobalSection(SolutionProperties) = preSolution
		HideSolutionNode = FALSE
	EndGlobalSection
	GlobalSection(NestedProjects) = preSolution
		{EBCE6BA5-BBCA-44E7-AFC1-304AC892A5EC} = {43A6D533-8E60-4BA9-9CDC-040389182D62}
		{1BAA37FF-3527-4AFB-82BD-EEB8C7DBDFED} = {4FF3C253-2DDB-4DD4-8924-731E8AB53630}
		{E4350355-BD56-43EC-A15F-58D3B5620717} = {1BAA37FF-3527-4AFB-82BD-EEB8C7DBDFED}
		{4B5F1E54-AA37-43B0-AF1B-40A52A2B858A} = {1BAA37FF-3527-4AFB-82BD-EEB8C7DBDFED}
		{DDD03134-9D45-46E3-82D6-80A4B5AAB295} = {D207BC88-98E9-4744-9204-51C2F30A940C}
		{3835653C-821D-4442-9DB7-5768DBE3CEA1} = {D207BC88-98E9-4744-9204-51C2F30A940C}
		{D26AC893-6281-4F5E-92AC-0E494F449252} = {CE18D099-BC15-47BE-917C-234A86DCDB17}
		{868E9321-3675-49E5-A37B-96594335778C} = {CE18D099-BC15-47BE-917C-234A86DCDB17}
	EndGlobalSection
	GlobalSection(ExtensibilityGlobals) = postSolution
		SolutionGuid = {F4A3D4E9-6FEE-4E47-845F-6539F4356889}
	EndGlobalSection
EndGlobal
