
Microsoft Visual Studio Solution File, Format Version 12.00
# Visual Studio Version 17
VisualStudioVersion = 17.11.35219.272
MinimumVisualStudioVersion = 10.0.40219.1
Project("{2150E333-8FDC-42A3-9474-1A3956D46DE8}") = "Framework", "Framework", "{43A6D533-8E60-4BA9-9CDC-040389182D62}"
EndProject
Project("{FAE04EC0-301F-11D3-BF4B-00C04F79EFBC}") = "Framework", "Framework\Framework.csproj", "{EBCE6BA5-BBCA-44E7-AFC1-304AC892A5EC}"
EndProject
Global
	GlobalSection(SolutionConfigurationPlatforms) = preSolution
		Debug|Any CPU = Debug|Any CPU
		Release|Any CPU = Release|Any CPU
	EndGlobalSection
	GlobalSection(ProjectConfigurationPlatforms) = postSolution
		{EBCE6BA5-BBCA-44E7-AFC1-304AC892A5EC}.Debug|Any CPU.ActiveCfg = Debug|Any CPU
		{EBCE6BA5-BBCA-44E7-AFC1-304AC892A5EC}.Debug|Any CPU.Build.0 = Debug|Any CPU
		{EBCE6BA5-BBCA-44E7-AFC1-304AC892A5EC}.Release|Any CPU.ActiveCfg = Release|Any CPU
		{EBCE6BA5-BBCA-44E7-AFC1-304AC892A5EC}.Release|Any CPU.Build.0 = Release|Any CPU
	EndGlobalSection
	GlobalSection(SolutionProperties) = preSolution
		HideSolutionNode = FALSE
	EndGlobalSection
	GlobalSection(NestedProjects) = preSolution
		{EBCE6BA5-BBCA-44E7-AFC1-304AC892A5EC} = {43A6D533-8E60-4BA9-9CDC-040389182D62}
	EndGlobalSection
	GlobalSection(ExtensibilityGlobals) = postSolution
		SolutionGuid = {F4A3D4E9-6FEE-4E47-845F-6539F4356889}
	EndGlobalSection
EndGlobal
